
Microsoft Visual Studio Solution File, Format Version 12.00
# Visual Studio 15
VisualStudioVersion = 15.0.28307.168
MinimumVisualStudioVersion = 10.0.40219.1
Project("{FAE04EC0-301F-11D3-BF4B-00C04F79EFBC}") = "ci", "ci.csproj", "{14400E38-A34A-49AE-9274-F0C6CC244FF9}"
EndProject
Global
	GlobalSection(SolutionConfigurationPlatforms) = preSolution
		Debug|Any CPU = Debug|Any CPU
		Release|Any CPU = Release|Any CPU
	EndGlobalSection
	GlobalSection(ProjectConfigurationPlatforms) = postSolution
		{14400E38-A34A-49AE-9274-F0C6CC244FF9}.Debug|Any CPU.ActiveCfg = Debug|Any CPU
		{14400E38-A34A-49AE-9274-F0C6CC244FF9}.Debug|Any CPU.Build.0 = Debug|Any CPU
		{14400E38-A34A-49AE-9274-F0C6CC244FF9}.Release|Any CPU.ActiveCfg = Release|Any CPU
		{14400E38-A34A-49AE-9274-F0C6CC244FF9}.Release|Any CPU.Build.0 = Release|Any CPU
	EndGlobalSection
	GlobalSection(SolutionProperties) = preSolution
		HideSolutionNode = FALSE
	EndGlobalSection
	GlobalSection(ExtensibilityGlobals) = postSolution
		SolutionGuid = {01725388-6920-453E-93E1-992519FFC080}
	EndGlobalSection
EndGlobal
